
Microsoft Visual Studio Solution File, Format Version 12.00
# Visual Studio Version 16
VisualStudioVersion = 16.0.31019.35
MinimumVisualStudioVersion = 10.0.40219.1
Project("{9A19103F-16F7-4668-BE54-9A1E7A4F7556}") = "CognitiveServicesDemo.FormRecognizer", "CognitiveServicesDemo.FormRecognizer.csproj", "{9284379B-4EB8-4C32-9142-B46E05A3130E}"
EndProject
Global
	GlobalSection(SolutionConfigurationPlatforms) = preSolution
		Debug|Any CPU = Debug|Any CPU
		Release|Any CPU = Release|Any CPU
	EndGlobalSection
	GlobalSection(ProjectConfigurationPlatforms) = postSolution
		{9284379B-4EB8-4C32-9142-B46E05A3130E}.Debug|Any CPU.ActiveCfg = Debug|Any CPU
		{9284379B-4EB8-4C32-9142-B46E05A3130E}.Debug|Any CPU.Build.0 = Debug|Any CPU
		{9284379B-4EB8-4C32-9142-B46E05A3130E}.Release|Any CPU.ActiveCfg = Release|Any CPU
		{9284379B-4EB8-4C32-9142-B46E05A3130E}.Release|Any CPU.Build.0 = Release|Any CPU
	EndGlobalSection
	GlobalSection(SolutionProperties) = preSolution
		HideSolutionNode = FALSE
	EndGlobalSection
	GlobalSection(ExtensibilityGlobals) = postSolution
		SolutionGuid = {34A3A90B-0B3F-4A5E-8C3A-F965526F267A}
	EndGlobalSection
EndGlobal
